
Microsoft Visual Studio Solution File, Format Version 12.00
# Visual Studio Version 16
VisualStudioVersion = 16.0.30804.86
MinimumVisualStudioVersion = 10.0.40219.1
Project("{9A19103F-16F7-4668-BE54-9A1E7A4F7556}") = "MusicControllerWeb", "MusicControllerWeb\MusicControllerWeb.csproj", "{8C43EB99-87CD-4842-8260-51E192700423}"
EndProject
Project("{FAE04EC0-301F-11D3-BF4B-00C04F79EFBC}") = "MusicController.Shared", "MusicController.Shared\MusicController.Shared.csproj", "{E2070D9F-79AE-4E99-8FEA-172F363C46BF}"
EndProject
Project("{FAE04EC0-301F-11D3-BF4B-00C04F79EFBC}") = "MusicController.Identity", "MusicController.Identity\MusicController.Identity.csproj", "{82477FC5-0B25-471E-9695-84EF7DDACD1B}"
EndProject
Project("{FAE04EC0-301F-11D3-BF4B-00C04F79EFBC}") = "MusicController.DTO", "MusicController.DTO\MusicController.DTO.csproj", "{7F7E82C1-31F4-4C15-AA74-00A6FE675F4A}"
EndProject
Project("{2150E333-8FDC-42A3-9474-1A3956D46DE8}") = "1. DAL", "1. DAL", "{715E9568-88EF-4871-8D55-B7AB981C7FDF}"
EndProject
Project("{2150E333-8FDC-42A3-9474-1A3956D46DE8}") = "3.Common", "3.Common", "{41E36BAA-5B98-44B4-AF60-7AAA509B9CF0}"
EndProject
Project("{FAE04EC0-301F-11D3-BF4B-00C04F79EFBC}") = "MusicController.Entites", "MusicController.Entites\MusicController.Entites.csproj", "{86476821-6CC6-41D3-A386-2D7FE6845516}"
EndProject
Project("{2150E333-8FDC-42A3-9474-1A3956D46DE8}") = "2. BL", "2. BL", "{9F8B7AAB-D6F6-4CFE-9F0D-3439D79DCABB}"
EndProject
Project("{FAE04EC0-301F-11D3-BF4B-00C04F79EFBC}") = "MusicController.Repository", "MusicController.Repository\MusicController.Repository.csproj", "{CC277D23-606B-4EF0-B61F-6EFE4A14C4D6}"
EndProject
Project("{FAE04EC0-301F-11D3-BF4B-00C04F79EFBC}") = "MusicController.BL", "MusicController.BL\MusicController.BL.csproj", "{09E21550-EAC5-4E18-A896-BC89090A3EDA}"
EndProject
Global
	GlobalSection(SolutionConfigurationPlatforms) = preSolution
		Debug|Any CPU = Debug|Any CPU
		Release|Any CPU = Release|Any CPU
	EndGlobalSection
	GlobalSection(ProjectConfigurationPlatforms) = postSolution
		{8C43EB99-87CD-4842-8260-51E192700423}.Debug|Any CPU.ActiveCfg = Debug|Any CPU
		{8C43EB99-87CD-4842-8260-51E192700423}.Debug|Any CPU.Build.0 = Debug|Any CPU
		{8C43EB99-87CD-4842-8260-51E192700423}.Release|Any CPU.ActiveCfg = Release|Any CPU
		{8C43EB99-87CD-4842-8260-51E192700423}.Release|Any CPU.Build.0 = Release|Any CPU
		{E2070D9F-79AE-4E99-8FEA-172F363C46BF}.Debug|Any CPU.ActiveCfg = Debug|Any CPU
		{E2070D9F-79AE-4E99-8FEA-172F363C46BF}.Debug|Any CPU.Build.0 = Debug|Any CPU
		{E2070D9F-79AE-4E99-8FEA-172F363C46BF}.Release|Any CPU.ActiveCfg = Release|Any CPU
		{E2070D9F-79AE-4E99-8FEA-172F363C46BF}.Release|Any CPU.Build.0 = Release|Any CPU
		{82477FC5-0B25-471E-9695-84EF7DDACD1B}.Debug|Any CPU.ActiveCfg = Debug|Any CPU
		{82477FC5-0B25-471E-9695-84EF7DDACD1B}.Debug|Any CPU.Build.0 = Debug|Any CPU
		{82477FC5-0B25-471E-9695-84EF7DDACD1B}.Release|Any CPU.ActiveCfg = Release|Any CPU
		{82477FC5-0B25-471E-9695-84EF7DDACD1B}.Release|Any CPU.Build.0 = Release|Any CPU
		{7F7E82C1-31F4-4C15-AA74-00A6FE675F4A}.Debug|Any CPU.ActiveCfg = Debug|Any CPU
		{7F7E82C1-31F4-4C15-AA74-00A6FE675F4A}.Debug|Any CPU.Build.0 = Debug|Any CPU
		{7F7E82C1-31F4-4C15-AA74-00A6FE675F4A}.Release|Any CPU.ActiveCfg = Release|Any CPU
		{7F7E82C1-31F4-4C15-AA74-00A6FE675F4A}.Release|Any CPU.Build.0 = Release|Any CPU
		{86476821-6CC6-41D3-A386-2D7FE6845516}.Debug|Any CPU.ActiveCfg = Debug|Any CPU
		{86476821-6CC6-41D3-A386-2D7FE6845516}.Debug|Any CPU.Build.0 = Debug|Any CPU
		{86476821-6CC6-41D3-A386-2D7FE6845516}.Release|Any CPU.ActiveCfg = Release|Any CPU
		{86476821-6CC6-41D3-A386-2D7FE6845516}.Release|Any CPU.Build.0 = Release|Any CPU
		{CC277D23-606B-4EF0-B61F-6EFE4A14C4D6}.Debug|Any CPU.ActiveCfg = Debug|Any CPU
		{CC277D23-606B-4EF0-B61F-6EFE4A14C4D6}.Debug|Any CPU.Build.0 = Debug|Any CPU
		{CC277D23-606B-4EF0-B61F-6EFE4A14C4D6}.Release|Any CPU.ActiveCfg = Release|Any CPU
		{CC277D23-606B-4EF0-B61F-6EFE4A14C4D6}.Release|Any CPU.Build.0 = Release|Any CPU
		{09E21550-EAC5-4E18-A896-BC89090A3EDA}.Debug|Any CPU.ActiveCfg = Debug|Any CPU
		{09E21550-EAC5-4E18-A896-BC89090A3EDA}.Debug|Any CPU.Build.0 = Debug|Any CPU
		{09E21550-EAC5-4E18-A896-BC89090A3EDA}.Release|Any CPU.ActiveCfg = Release|Any CPU
		{09E21550-EAC5-4E18-A896-BC89090A3EDA}.Release|Any CPU.Build.0 = Release|Any CPU
	EndGlobalSection
	GlobalSection(SolutionProperties) = preSolution
		HideSolutionNode = FALSE
	EndGlobalSection
	GlobalSection(NestedProjects) = preSolution
		{E2070D9F-79AE-4E99-8FEA-172F363C46BF} = {41E36BAA-5B98-44B4-AF60-7AAA509B9CF0}
		{82477FC5-0B25-471E-9695-84EF7DDACD1B} = {715E9568-88EF-4871-8D55-B7AB981C7FDF}
		{7F7E82C1-31F4-4C15-AA74-00A6FE675F4A} = {41E36BAA-5B98-44B4-AF60-7AAA509B9CF0}
		{86476821-6CC6-41D3-A386-2D7FE6845516} = {715E9568-88EF-4871-8D55-B7AB981C7FDF}
		{CC277D23-606B-4EF0-B61F-6EFE4A14C4D6} = {715E9568-88EF-4871-8D55-B7AB981C7FDF}
		{09E21550-EAC5-4E18-A896-BC89090A3EDA} = {9F8B7AAB-D6F6-4CFE-9F0D-3439D79DCABB}
	EndGlobalSection
	GlobalSection(ExtensibilityGlobals) = postSolution
		SolutionGuid = {1BB9AE98-3191-4548-8D47-DE96323A44D9}
	EndGlobalSection
EndGlobal
